
Microsoft Visual Studio Solution File, Format Version 12.00
# Visual Studio 15
VisualStudioVersion = 15.0.28307.779
MinimumVisualStudioVersion = 10.0.40219.1
Project("{FAE04EC0-301F-11D3-BF4B-00C04F79EFBC}") = "ConsumidorProyectoRest", "ConsumidorProyectoRest\ConsumidorProyectoRest.csproj", "{B00D00B3-4A4B-410D-AF15-B970F7336C23}"
EndProject
Project("{FAE04EC0-301F-11D3-BF4B-00C04F79EFBC}") = "AccesoDatosServicio", "AccesoDatosServicio\AccesoDatosServicio.csproj", "{8C0FB31E-4D84-4C70-A4A8-F41DE6173AD9}"
EndProject
Project("{FAE04EC0-301F-11D3-BF4B-00C04F79EFBC}") = "LogicaNegocio", "LogicaNegocio\LogicaNegocio.csproj", "{7B1EEEF7-6EE9-47ED-949B-273B600B01A3}"
EndProject
Global
	GlobalSection(SolutionConfigurationPlatforms) = preSolution
		Debug|Any CPU = Debug|Any CPU
		Release|Any CPU = Release|Any CPU
	EndGlobalSection
	GlobalSection(ProjectConfigurationPlatforms) = postSolution
		{B00D00B3-4A4B-410D-AF15-B970F7336C23}.Debug|Any CPU.ActiveCfg = Debug|Any CPU
		{B00D00B3-4A4B-410D-AF15-B970F7336C23}.Debug|Any CPU.Build.0 = Debug|Any CPU
		{B00D00B3-4A4B-410D-AF15-B970F7336C23}.Release|Any CPU.ActiveCfg = Release|Any CPU
		{B00D00B3-4A4B-410D-AF15-B970F7336C23}.Release|Any CPU.Build.0 = Release|Any CPU
		{8C0FB31E-4D84-4C70-A4A8-F41DE6173AD9}.Debug|Any CPU.ActiveCfg = Debug|Any CPU
		{8C0FB31E-4D84-4C70-A4A8-F41DE6173AD9}.Debug|Any CPU.Build.0 = Debug|Any CPU
		{8C0FB31E-4D84-4C70-A4A8-F41DE6173AD9}.Release|Any CPU.ActiveCfg = Release|Any CPU
		{8C0FB31E-4D84-4C70-A4A8-F41DE6173AD9}.Release|Any CPU.Build.0 = Release|Any CPU
		{7B1EEEF7-6EE9-47ED-949B-273B600B01A3}.Debug|Any CPU.ActiveCfg = Debug|Any CPU
		{7B1EEEF7-6EE9-47ED-949B-273B600B01A3}.Debug|Any CPU.Build.0 = Debug|Any CPU
		{7B1EEEF7-6EE9-47ED-949B-273B600B01A3}.Release|Any CPU.ActiveCfg = Release|Any CPU
		{7B1EEEF7-6EE9-47ED-949B-273B600B01A3}.Release|Any CPU.Build.0 = Release|Any CPU
	EndGlobalSection
	GlobalSection(SolutionProperties) = preSolution
		HideSolutionNode = FALSE
	EndGlobalSection
	GlobalSection(ExtensibilityGlobals) = postSolution
		SolutionGuid = {87ED49CB-F591-49F0-BAA1-CE9C8427CEFF}
	EndGlobalSection
EndGlobal
